
Microsoft Visual Studio Solution File, Format Version 12.00
# Visual Studio Version 17
VisualStudioVersion = 17.8.34309.116
MinimumVisualStudioVersion = 10.0.40219.1
Project("{8BC9CEB8-8B4A-11D0-8D11-00A0C91BC942}") = "NumLab", "NumLab.vcxproj", "{85456B9E-334C-4C92-85CB-4A9AB3D3FAE1}"
EndProject
Project("{8BC9CEB8-8B4A-11D0-8D11-00A0C91BC942}") = "ex_integrate", "examples\ex_integrate\ex_integrate.vcxproj", "{3C0B18B3-7D59-4A31-A86E-8D2786FCA824}"
EndProject
Project("{8BC9CEB8-8B4A-11D0-8D11-00A0C91BC942}") = "ex_linsolve", "examples\ex_linsolve\ex_linsolve.vcxproj", "{476B93CF-98CF-4BD1-83FB-2EF0311EF02C}"
EndProject
Project("{8BC9CEB8-8B4A-11D0-8D11-00A0C91BC942}") = "ex_nlsolve", "examples\ex_nlsolve\ex_nlsolve.vcxproj", "{5B7DD150-988D-4D78-8667-2ED3CC3DC3A8}"
EndProject
Project("{8BC9CEB8-8B4A-11D0-8D11-00A0C91BC942}") = "ex_differential", "examples\ex_differential\ex_differential.vcxproj", "{B0699FE8-4250-4C61-87A7-08CDF01B6393}"
EndProject
Project("{8BC9CEB8-8B4A-11D0-8D11-00A0C91BC942}") = "ex_approx", "examples\ex_approx\ex_approx.vcxproj", "{911947E8-13AA-47E3-A6E8-372B333E1437}"
EndProject
Project("{8BC9CEB8-8B4A-11D0-8D11-00A0C91BC942}") = "ex_interpolate", "examples\ex_interpolate\ex_interpolate.vcxproj", "{07089E8D-9D6B-468D-AC4B-4E37A3592083}"
EndProject
Project("{8BC9CEB8-8B4A-11D0-8D11-00A0C91BC942}") = "AutomaticTests", "tests\AutomaticTests\AutomaticTests.vcxproj", "{9B0F2D43-B846-4B96-A9CD-3FEC357C49CE}"
EndProject
Project("{2150E333-8FDC-42A3-9474-1A3956D46DE8}") = "Elementy rozwiązania", "Elementy rozwiązania", "{C7935788-7311-43DB-83E3-E9AB5D271E10}"
	ProjectSection(SolutionItems) = preProject
		CMakeLists.txt = CMakeLists.txt
		README.txt = README.txt
	EndProjectSection
EndProject
Global
	GlobalSection(SolutionConfigurationPlatforms) = preSolution
		Debug|x64 = Debug|x64
		Debug|x86 = Debug|x86
		Release|x64 = Release|x64
		Release|x86 = Release|x86
	EndGlobalSection
	GlobalSection(ProjectConfigurationPlatforms) = postSolution
		{85456B9E-334C-4C92-85CB-4A9AB3D3FAE1}.Debug|x64.ActiveCfg = Debug|x64
		{85456B9E-334C-4C92-85CB-4A9AB3D3FAE1}.Debug|x64.Build.0 = Debug|x64
		{85456B9E-334C-4C92-85CB-4A9AB3D3FAE1}.Debug|x86.ActiveCfg = Debug|Win32
		{85456B9E-334C-4C92-85CB-4A9AB3D3FAE1}.Debug|x86.Build.0 = Debug|Win32
		{85456B9E-334C-4C92-85CB-4A9AB3D3FAE1}.Release|x64.ActiveCfg = Release|x64
		{85456B9E-334C-4C92-85CB-4A9AB3D3FAE1}.Release|x64.Build.0 = Release|x64
		{85456B9E-334C-4C92-85CB-4A9AB3D3FAE1}.Release|x86.ActiveCfg = Release|Win32
		{85456B9E-334C-4C92-85CB-4A9AB3D3FAE1}.Release|x86.Build.0 = Release|Win32
		{3C0B18B3-7D59-4A31-A86E-8D2786FCA824}.Debug|x64.ActiveCfg = Debug|x64
		{3C0B18B3-7D59-4A31-A86E-8D2786FCA824}.Debug|x64.Build.0 = Debug|x64
		{3C0B18B3-7D59-4A31-A86E-8D2786FCA824}.Debug|x86.ActiveCfg = Debug|Win32
		{3C0B18B3-7D59-4A31-A86E-8D2786FCA824}.Debug|x86.Build.0 = Debug|Win32
		{3C0B18B3-7D59-4A31-A86E-8D2786FCA824}.Release|x64.ActiveCfg = Release|x64
		{3C0B18B3-7D59-4A31-A86E-8D2786FCA824}.Release|x64.Build.0 = Release|x64
		{3C0B18B3-7D59-4A31-A86E-8D2786FCA824}.Release|x86.ActiveCfg = Release|Win32
		{3C0B18B3-7D59-4A31-A86E-8D2786FCA824}.Release|x86.Build.0 = Release|Win32
		{476B93CF-98CF-4BD1-83FB-2EF0311EF02C}.Debug|x64.ActiveCfg = Debug|x64
		{476B93CF-98CF-4BD1-83FB-2EF0311EF02C}.Debug|x64.Build.0 = Debug|x64
		{476B93CF-98CF-4BD1-83FB-2EF0311EF02C}.Debug|x86.ActiveCfg = Debug|Win32
		{476B93CF-98CF-4BD1-83FB-2EF0311EF02C}.Debug|x86.Build.0 = Debug|Win32
		{476B93CF-98CF-4BD1-83FB-2EF0311EF02C}.Release|x64.ActiveCfg = Release|x64
		{476B93CF-98CF-4BD1-83FB-2EF0311EF02C}.Release|x64.Build.0 = Release|x64
		{476B93CF-98CF-4BD1-83FB-2EF0311EF02C}.Release|x86.ActiveCfg = Release|Win32
		{476B93CF-98CF-4BD1-83FB-2EF0311EF02C}.Release|x86.Build.0 = Release|Win32
		{5B7DD150-988D-4D78-8667-2ED3CC3DC3A8}.Debug|x64.ActiveCfg = Debug|x64
		{5B7DD150-988D-4D78-8667-2ED3CC3DC3A8}.Debug|x64.Build.0 = Debug|x64
		{5B7DD150-988D-4D78-8667-2ED3CC3DC3A8}.Debug|x86.ActiveCfg = Debug|Win32
		{5B7DD150-988D-4D78-8667-2ED3CC3DC3A8}.Debug|x86.Build.0 = Debug|Win32
		{5B7DD150-988D-4D78-8667-2ED3CC3DC3A8}.Release|x64.ActiveCfg = Release|x64
		{5B7DD150-988D-4D78-8667-2ED3CC3DC3A8}.Release|x64.Build.0 = Release|x64
		{5B7DD150-988D-4D78-8667-2ED3CC3DC3A8}.Release|x86.ActiveCfg = Release|Win32
		{5B7DD150-988D-4D78-8667-2ED3CC3DC3A8}.Release|x86.Build.0 = Release|Win32
		{B0699FE8-4250-4C61-87A7-08CDF01B6393}.Debug|x64.ActiveCfg = Debug|x64
		{B0699FE8-4250-4C61-87A7-08CDF01B6393}.Debug|x64.Build.0 = Debug|x64
		{B0699FE8-4250-4C61-87A7-08CDF01B6393}.Debug|x86.ActiveCfg = Debug|Win32
		{B0699FE8-4250-4C61-87A7-08CDF01B6393}.Debug|x86.Build.0 = Debug|Win32
		{B0699FE8-4250-4C61-87A7-08CDF01B6393}.Release|x64.ActiveCfg = Release|x64
		{B0699FE8-4250-4C61-87A7-08CDF01B6393}.Release|x64.Build.0 = Release|x64
		{B0699FE8-4250-4C61-87A7-08CDF01B6393}.Release|x86.ActiveCfg = Release|Win32
		{B0699FE8-4250-4C61-87A7-08CDF01B6393}.Release|x86.Build.0 = Release|Win32
		{911947E8-13AA-47E3-A6E8-372B333E1437}.Debug|x64.ActiveCfg = Debug|x64
		{911947E8-13AA-47E3-A6E8-372B333E1437}.Debug|x64.Build.0 = Debug|x64
		{911947E8-13AA-47E3-A6E8-372B333E1437}.Debug|x86.ActiveCfg = Debug|Win32
		{911947E8-13AA-47E3-A6E8-372B333E1437}.Debug|x86.Build.0 = Debug|Win32
		{911947E8-13AA-47E3-A6E8-372B333E1437}.Release|x64.ActiveCfg = Release|x64
		{911947E8-13AA-47E3-A6E8-372B333E1437}.Release|x64.Build.0 = Release|x64
		{911947E8-13AA-47E3-A6E8-372B333E1437}.Release|x86.ActiveCfg = Release|Win32
		{911947E8-13AA-47E3-A6E8-372B333E1437}.Release|x86.Build.0 = Release|Win32
		{07089E8D-9D6B-468D-AC4B-4E37A3592083}.Debug|x64.ActiveCfg = Debug|x64
		{07089E8D-9D6B-468D-AC4B-4E37A3592083}.Debug|x64.Build.0 = Debug|x64
		{07089E8D-9D6B-468D-AC4B-4E37A3592083}.Debug|x86.ActiveCfg = Debug|Win32
		{07089E8D-9D6B-468D-AC4B-4E37A3592083}.Debug|x86.Build.0 = Debug|Win32
		{07089E8D-9D6B-468D-AC4B-4E37A3592083}.Release|x64.ActiveCfg = Release|x64
		{07089E8D-9D6B-468D-AC4B-4E37A3592083}.Release|x64.Build.0 = Release|x64
		{07089E8D-9D6B-468D-AC4B-4E37A3592083}.Release|x86.ActiveCfg = Release|Win32
		{07089E8D-9D6B-468D-AC4B-4E37A3592083}.Release|x86.Build.0 = Release|Win32
		{9B0F2D43-B846-4B96-A9CD-3FEC357C49CE}.Debug|x64.ActiveCfg = Debug|x64
		{9B0F2D43-B846-4B96-A9CD-3FEC357C49CE}.Debug|x64.Build.0 = Debug|x64
		{9B0F2D43-B846-4B96-A9CD-3FEC357C49CE}.Debug|x86.ActiveCfg = Debug|Win32
		{9B0F2D43-B846-4B96-A9CD-3FEC357C49CE}.Debug|x86.Build.0 = Debug|Win32
		{9B0F2D43-B846-4B96-A9CD-3FEC357C49CE}.Release|x64.ActiveCfg = Release|x64
		{9B0F2D43-B846-4B96-A9CD-3FEC357C49CE}.Release|x64.Build.0 = Release|x64
		{9B0F2D43-B846-4B96-A9CD-3FEC357C49CE}.Release|x86.ActiveCfg = Release|Win32
		{9B0F2D43-B846-4B96-A9CD-3FEC357C49CE}.Release|x86.Build.0 = Release|Win32
	EndGlobalSection
	GlobalSection(SolutionProperties) = preSolution
		HideSolutionNode = FALSE
	EndGlobalSection
	GlobalSection(ExtensibilityGlobals) = postSolution
		SolutionGuid = {7636591E-59D5-4E0F-AFF6-73427B5748C8}
	EndGlobalSection
EndGlobal
